
Microsoft Visual Studio Solution File, Format Version 12.00
# Visual Studio 15
VisualStudioVersion = 15.0.26228.9
MinimumVisualStudioVersion = 10.0.40219.1
Project("{FAE04EC0-301F-11D3-BF4B-00C04F79EFBC}") = "GameAI", "GameAI\GameAI.csproj", "{BBCD8CD5-9D54-4C2E-8D6E-57B2ED52F66C}"
EndProject
Project("{FAE04EC0-301F-11D3-BF4B-00C04F79EFBC}") = "Population", "Population\Population.csproj", "{EB8236C1-D26B-4088-9CEA-9C2E032F4118}"
EndProject
Project("{FAE04EC0-301F-11D3-BF4B-00C04F79EFBC}") = "Mathematics", "Mathematics\Mathematics.csproj", "{14FF0A3B-815D-49C2-B835-CA0B4568518A}"
EndProject
Global
	GlobalSection(SolutionConfigurationPlatforms) = preSolution
		Debug|Any CPU = Debug|Any CPU
		Release|Any CPU = Release|Any CPU
	EndGlobalSection
	GlobalSection(ProjectConfigurationPlatforms) = postSolution
		{BBCD8CD5-9D54-4C2E-8D6E-57B2ED52F66C}.Debug|Any CPU.ActiveCfg = Debug|Any CPU
		{BBCD8CD5-9D54-4C2E-8D6E-57B2ED52F66C}.Debug|Any CPU.Build.0 = Debug|Any CPU
		{BBCD8CD5-9D54-4C2E-8D6E-57B2ED52F66C}.Release|Any CPU.ActiveCfg = Release|Any CPU
		{BBCD8CD5-9D54-4C2E-8D6E-57B2ED52F66C}.Release|Any CPU.Build.0 = Release|Any CPU
		{EB8236C1-D26B-4088-9CEA-9C2E032F4118}.Debug|Any CPU.ActiveCfg = Debug|Any CPU
		{EB8236C1-D26B-4088-9CEA-9C2E032F4118}.Debug|Any CPU.Build.0 = Debug|Any CPU
		{EB8236C1-D26B-4088-9CEA-9C2E032F4118}.Release|Any CPU.ActiveCfg = Release|Any CPU
		{EB8236C1-D26B-4088-9CEA-9C2E032F4118}.Release|Any CPU.Build.0 = Release|Any CPU
		{14FF0A3B-815D-49C2-B835-CA0B4568518A}.Debug|Any CPU.ActiveCfg = Debug|Any CPU
		{14FF0A3B-815D-49C2-B835-CA0B4568518A}.Debug|Any CPU.Build.0 = Debug|Any CPU
		{14FF0A3B-815D-49C2-B835-CA0B4568518A}.Release|Any CPU.ActiveCfg = Release|Any CPU
		{14FF0A3B-815D-49C2-B835-CA0B4568518A}.Release|Any CPU.Build.0 = Release|Any CPU
	EndGlobalSection
	GlobalSection(SolutionProperties) = preSolution
		HideSolutionNode = FALSE
	EndGlobalSection
EndGlobal
